
Microsoft Visual Studio Solution File, Format Version 12.00
# Visual Studio Version 16
VisualStudioVersion = 16.0.28902.138
MinimumVisualStudioVersion = 10.0.40219.1
Project("{9A19103F-16F7-4668-BE54-9A1E7A4F7556}") = "SIS.HTTP", "SIS.HTTP\SIS.HTTP.csproj", "{6A8F1B6A-D1B3-40AB-94FF-03814249B562}"
EndProject
Project("{9A19103F-16F7-4668-BE54-9A1E7A4F7556}") = "SIS.WebServer", "SIS.WebServer\SIS.WebServer.csproj", "{BE81AC48-DD0B-4808-BD43-847CD7DA2E40}"
EndProject
Project("{FAE04EC0-301F-11D3-BF4B-00C04F79EFBC}") = "App", "App\App.csproj", "{AE3A156E-C665-4763-848A-6E425FCD4201}"
EndProject
Global
	GlobalSection(SolutionConfigurationPlatforms) = preSolution
		Debug|Any CPU = Debug|Any CPU
		Release|Any CPU = Release|Any CPU
	EndGlobalSection
	GlobalSection(ProjectConfigurationPlatforms) = postSolution
		{6A8F1B6A-D1B3-40AB-94FF-03814249B562}.Debug|Any CPU.ActiveCfg = Debug|Any CPU
		{6A8F1B6A-D1B3-40AB-94FF-03814249B562}.Debug|Any CPU.Build.0 = Debug|Any CPU
		{6A8F1B6A-D1B3-40AB-94FF-03814249B562}.Release|Any CPU.ActiveCfg = Release|Any CPU
		{6A8F1B6A-D1B3-40AB-94FF-03814249B562}.Release|Any CPU.Build.0 = Release|Any CPU
		{BE81AC48-DD0B-4808-BD43-847CD7DA2E40}.Debug|Any CPU.ActiveCfg = Debug|Any CPU
		{BE81AC48-DD0B-4808-BD43-847CD7DA2E40}.Debug|Any CPU.Build.0 = Debug|Any CPU
		{BE81AC48-DD0B-4808-BD43-847CD7DA2E40}.Release|Any CPU.ActiveCfg = Release|Any CPU
		{BE81AC48-DD0B-4808-BD43-847CD7DA2E40}.Release|Any CPU.Build.0 = Release|Any CPU
		{AE3A156E-C665-4763-848A-6E425FCD4201}.Debug|Any CPU.ActiveCfg = Debug|Any CPU
		{AE3A156E-C665-4763-848A-6E425FCD4201}.Debug|Any CPU.Build.0 = Debug|Any CPU
		{AE3A156E-C665-4763-848A-6E425FCD4201}.Release|Any CPU.ActiveCfg = Release|Any CPU
		{AE3A156E-C665-4763-848A-6E425FCD4201}.Release|Any CPU.Build.0 = Release|Any CPU
	EndGlobalSection
	GlobalSection(SolutionProperties) = preSolution
		HideSolutionNode = FALSE
	EndGlobalSection
	GlobalSection(ExtensibilityGlobals) = postSolution
		SolutionGuid = {8237A773-C672-4777-850E-41101DF59921}
	EndGlobalSection
EndGlobal
